<?xml version="1.0" encoding="utf-8"?>
<Project ToolsVersion="4.0" xmlns="http://schemas.microsoft.com/developer/msbuild/2003">
  <ItemGroup>
    <ClCompile Include="src\defined.cpp" />
    <ClCompile Include="src\functions.cpp" />
    <ClCompile Include="src\interpreter.cpp" />
    <ClCompile Include="src\lexer.cpp" />
    <ClCompile Include="src\var.cpp" />
  </ItemGroup>
  <ItemGroup>
    <ClInclude Include="include\CLL.hpp" />
    <ClInclude Include="include\defined.hpp" />
    <ClInclude Include="include\functions.hpp" />
    <ClInclude Include="include\interpreter.hpp" />
    <ClInclude Include="include\lexer.hpp" />
    <ClInclude Include="include\static.hpp" />
    <ClInclude Include="include\var.hpp" />
    <ClInclude Include="include\utils\convert.hpp" />
    <ClInclude Include="include\utils\search.hpp" />
    <ClInclude Include="include\functions\file.hpp" />
    <ClInclude Include="include\functions\header.hpp" />
    <ClInclude Include="include\functions\math.hpp" />
    <ClInclude Include="include\functions\rand.hpp" />
    <ClInclude Include="include\functions\string.hpp" />
    <ClInclude Include="include\functions\time.hpp" />
    <ClInclude Include="include\functions\type.hpp" />
  </ItemGroup>
</Project>